{
  "version": 4,
  "terraform_version": "1.5.7",
  "serial": 59,
  "lineage": "ddaa2471-ab0c-6152-6741-f68b994d896b",
  "outputs": {
    "ecr_registry_url": {
      "value": "824033490704.dkr.ecr.us-east-2.amazonaws.com",
      "type": "string"
    },
    "eks_cluster_endpoint": {
      "value": "https://DD58F04FF4A4984E8C8B988BE893FBD2.gr7.us-east-2.eks.amazonaws.com",
      "type": "string"
    },
    "eks_cluster_name": {
      "value": "mlops-cluster",
      "type": "string"
    },
    "flask_app_url": {
      "value": "http://https://DD58F04FF4A4984E8C8B988BE893FBD2.gr7.us-east-2.eks.amazonaws.com",
      "type": "string"
    },
    "grafana_url": {
      "value": "http://https://DD58F04FF4A4984E8C8B988BE893FBD2.gr7.us-east-2.eks.amazonaws.com:3000",
      "type": "string"
    },
    "jenkins_public_ip": {
      "value": "18.118.210.8",
      "type": "string"
    },
    "jenkins_url": {
      "value": "http://18.118.210.8:8080",
      "type": "string"
    },
    "kubectl_config_command": {
      "value": "aws eks update-kubeconfig --region us-east-2 --name mlops-cluster",
      "type": "string"
    },
    "s3_artifacts_bucket": {
      "value": "mlops-artifacts-prod",
      "type": "string"
    },
    "s3_raw_data_bucket": {
      "value": "mlops-raw-data-prod",
      "type": "string"
    }
  },
  "resources": [
    {
      "module": "module.ecr",
      "mode": "data",
      "type": "aws_caller_identity",
      "name": "current",
      "provider": "provider[\"registry.terraform.io/hashicorp/aws\"]",
      "instances": [
        {
          "schema_version": 0,
          "attributes": {
            "account_id": "824033490704",
            "arn": "arn:aws:iam::824033490704:user/admin",
            "id": "824033490704",
            "user_id": "AIDA37XBZG4IKSNTOAC4D"
          },
          "sensitive_attributes": []
        }
      ]
    },
    {
      "module": "module.ecr",
      "mode": "data",
      "type": "aws_region",
      "name": "current",
      "provider": "provider[\"registry.terraform.io/hashicorp/aws\"]",
      "instances": [
        {
          "schema_version": 0,
          "attributes": {
            "description": "US East (Ohio)",
            "endpoint": "ec2.us-east-2.amazonaws.com",
            "id": "us-east-2",
            "name": "us-east-2"
          },
          "sensitive_attributes": []
        }
      ]
    },
    {
      "module": "module.ecr",
      "mode": "managed",
      "type": "aws_ecr_lifecycle_policy",
      "name": "mlops_app",
      "provider": "provider[\"registry.terraform.io/hashicorp/aws\"]",
      "instances": [
        {
          "schema_version": 0,
          "attributes": {
            "id": "mlops-flask-app",
            "policy": "{\"rules\":[{\"action\":{\"type\":\"expire\"},\"description\":\"Keep only last 5 images\",\"rulePriority\":1,\"selection\":{\"countNumber\":5,\"countType\":\"imageCountMoreThan\",\"tagStatus\":\"any\"}}]}",
            "registry_id": "824033490704",
            "repository": "mlops-flask-app"
          },
          "sensitive_attributes": [],
          "private": "bnVsbA==",
          "dependencies": [
            "module.ecr.aws_ecr_repository.mlops_app"
          ]
        }
      ]
    },
    {
      "module": "module.ecr",
      "mode": "managed",
      "type": "aws_ecr_repository",
      "name": "drift_pipeline",
      "provider": "provider[\"registry.terraform.io/hashicorp/aws\"]",
      "instances": [
        {
          "schema_version": 0,
          "attributes": {
            "arn": "arn:aws:ecr:us-east-2:824033490704:repository/mlops-drift-pipeline",
            "encryption_configuration": [
              {
                "encryption_type": "AES256",
                "kms_key": ""
              }
            ],
            "force_delete": null,
            "id": "mlops-drift-pipeline",
            "image_scanning_configuration": [
              {
                "scan_on_push": true
              }
            ],
            "image_tag_mutability": "MUTABLE",
            "name": "mlops-drift-pipeline",
            "registry_id": "824033490704",
            "repository_url": "824033490704.dkr.ecr.us-east-2.amazonaws.com/mlops-drift-pipeline",
            "tags": null,
            "tags_all": {
              "Environment": "prod",
              "ManagedBy": "Terraform",
              "Owner": "mlops-team",
              "Project": "MLOps-Production"
            },
            "timeouts": null
          },
          "sensitive_attributes": [],
          "private": "eyJlMmJmYjczMC1lY2FhLTExZTYtOGY4OC0zNDM2M2JjN2M0YzAiOnsiZGVsZXRlIjoxMjAwMDAwMDAwMDAwfX0="
        }
      ]
    },
    {
      "module": "module.ecr",
      "mode": "managed",
      "type": "aws_ecr_repository",
      "name": "mlops_app",
      "provider": "provider[\"registry.terraform.io/hashicorp/aws\"]",
      "instances": [
        {
          "schema_version": 0,
          "attributes": {
            "arn": "arn:aws:ecr:us-east-2:824033490704:repository/mlops-flask-app",
            "encryption_configuration": [
              {
                "encryption_type": "AES256",
                "kms_key": ""
              }
            ],
            "force_delete": null,
            "id": "mlops-flask-app",
            "image_scanning_configuration": [
              {
                "scan_on_push": true
              }
            ],
            "image_tag_mutability": "MUTABLE",
            "name": "mlops-flask-app",
            "registry_id": "824033490704",
            "repository_url": "824033490704.dkr.ecr.us-east-2.amazonaws.com/mlops-flask-app",
            "tags": {
              "Name": "mlops-flask-app-ecr"
            },
            "tags_all": {
              "Environment": "prod",
              "ManagedBy": "Terraform",
              "Name": "mlops-flask-app-ecr",
              "Owner": "mlops-team",
              "Project": "MLOps-Production"
            },
            "timeouts": null
          },
          "sensitive_attributes": [],
          "private": "eyJlMmJmYjczMC1lY2FhLTExZTYtOGY4OC0zNDM2M2JjN2M0YzAiOnsiZGVsZXRlIjoxMjAwMDAwMDAwMDAwfX0="
        }
      ]
    },
    {
      "module": "module.eks",
      "mode": "managed",
      "type": "aws_eks_cluster",
      "name": "main",
      "provider": "provider[\"registry.terraform.io/hashicorp/aws\"]",
      "instances": [
        {
          "schema_version": 1,
          "attributes": {
            "access_config": [
              {
                "authentication_mode": "CONFIG_MAP",
                "bootstrap_cluster_creator_admin_permissions": true
              }
            ],
            "arn": "arn:aws:eks:us-east-2:824033490704:cluster/mlops-cluster",
            "bootstrap_self_managed_addons": true,
            "certificate_authority": [
              {
                "data": "LS0tLS1CRUdJTiBDRVJUSUZJQ0FURS0tLS0tCk1JSURCVENDQWUyZ0F3SUJBZ0lJYU5yZ3VRRHd5NEV3RFFZSktvWklodmNOQVFFTEJRQXdGVEVUTUJFR0ExVUUKQXhNS2EzVmlaWEp1WlhSbGN6QWVGdzB5TmpBek1UY3hNekkzTWpSYUZ3MHpOakF6TVRReE16TXlNalJhTUJVeApFekFSQmdOVkJBTVRDbXQxWW1WeWJtVjBaWE13Z2dFaU1BMEdDU3FHU0liM0RRRUJBUVVBQTRJQkR3QXdnZ0VLCkFvSUJBUUM4QWYxSVhYRFB6blRVV28vaFFxNmp1TUFSb2RQeGdMSVV6Ni9PUCtwVlluRkh6ZXdXVDZyd3dHMG8KbzNWU1QyNEdySGw0TTJ3aUdBMGxRbnJ1Q3pxNFVuYXBGOXp4Y2lUZVlvRm5GVGFUZmI4VklITkFwTnVLdFYregpXdTlEZXFhK0VDTmt1OHl2T3gxM25qWEJZRFdTZTRENG1Rd3VhWHUvektSM3pCRzB5ejFOWEY1aTdHQVNaaEZGCmp4c1J2L3d4aHF3V2FrMUZFTnh6K3VjOFI4bkNjVFBDbFpNbkhJTm5WeG5LMDREMFRuLzJaYUFtVVozZHRJWlgKa0lhNWdmZ0lBMmhuSEl5M3RmUThOM3VhcHNsTXQwUXRFVGVuUmhyK05qaGhndUpmczcyY2p0ZUVIdEZ4bHRUNAp5N2RJZXJOZm5NK0xUaG5UbUhxR293LzJGN3dsQWdNQkFBR2pXVEJYTUE0R0ExVWREd0VCL3dRRUF3SUNwREFQCkJnTlZIUk1CQWY4RUJUQURBUUgvTUIwR0ExVWREZ1FXQkJTZUNVT2lOVC9PZVFWOFBzSGpkNkpCeE54ZmREQVYKQmdOVkhSRUVEakFNZ2dwcmRXSmxjbTVsZEdWek1BMEdDU3FHU0liM0RRRUJDd1VBQTRJQkFRQWowUGwveFptaQpac2NqSSt2YW95QXRyVWxXekc0bG1tSkFnSTR4VnpoWTZ4TTlBNllZL2taY044V0pPR2EvOHkvcG9hd2NXcHRJClFaS2dmblNQRUxVRHR6TmpTd2JiRmpiMnEvaUloNkExdExPZ1ZRODYrbTRxQUxxVWVFR2U1TlZhYkM0c012M2wKd1I4QU96Vmo5WW9UTitFeFVPTDl5eGk2Q1VQM09SRksxNnlZQVk3YitseVgyZ3NWdVdXVWRWNU5WWFFLSVFFWApzVUJqeWhMSnBxbXNkWTRiSUxmampMM1R1cEl4U0lIQUhDTXFEdTFvZEhEbWY5Y0xQeHArL2JCVzlhaVg3V0hzClFJSVVLck1EYVR4Sll6Q1lRVUJPOFBZNm5LWFBxYjdac0FEaXFMWU5zYnRzdURENktZNG5JaFNmdGw3aEhXSVYKbnBzOVpwdzFTM0hnCi0tLS0tRU5EIENFUlRJRklDQVRFLS0tLS0K"
              }
            ],
            "cluster_id": null,
            "compute_config": [],
            "created_at": "2026-03-17T13:27:48Z",
            "enabled_cluster_log_types": null,
            "encryption_config": [],
            "endpoint": "https://DD58F04FF4A4984E8C8B988BE893FBD2.gr7.us-east-2.eks.amazonaws.com",
            "force_update_version": null,
            "id": "mlops-cluster",
            "identity": [
              {
                "oidc": [
                  {
                    "issuer": "https://oidc.eks.us-east-2.amazonaws.com/id/DD58F04FF4A4984E8C8B988BE893FBD2"
                  }
                ]
              }
            ],
            "kubernetes_network_config": [
              {
                "elastic_load_balancing": [
                  {
                    "enabled": false
                  }
                ],
                "ip_family": "ipv4",
                "service_ipv4_cidr": "172.20.0.0/16",
                "service_ipv6_cidr": ""
              }
            ],
            "name": "mlops-cluster",
            "outpost_config": [],
            "platform_version": "eks.66",
            "remote_network_config": [],
            "role_arn": "arn:aws:iam::824033490704:role/mlops-eks-cluster-role",
            "status": "ACTIVE",
            "storage_config": [],
            "tags": null,
            "tags_all": {
              "Environment": "prod",
              "ManagedBy": "Terraform",
              "Owner": "mlops-team",
              "Project": "MLOps-Production"
            },
            "timeouts": null,
            "upgrade_policy": [
              {
                "support_type": "EXTENDED"
              }
            ],
            "version": "1.29",
            "vpc_config": [
              {
                "cluster_security_group_id": "sg-095e130ccbf3f437e",
                "endpoint_private_access": false,
                "endpoint_public_access": true,
                "public_access_cidrs": [
                  "0.0.0.0/0"
                ],
                "security_group_ids": null,
                "subnet_ids": [
                  "subnet-0f8ec73fbabc49a5d",
                  "subnet-0f918a9a048e6ff3b"
                ],
                "vpc_id": "vpc-045c88da3a33c68da"
              }
            ],
            "zonal_shift_config": []
          },
          "sensitive_attributes": [],
          "private": "eyJlMmJmYjczMC1lY2FhLTExZTYtOGY4OC0zNDM2M2JjN2M0YzAiOnsiY3JlYXRlIjoxODAwMDAwMDAwMDAwLCJkZWxldGUiOjkwMDAwMDAwMDAwMCwidXBkYXRlIjozNjAwMDAwMDAwMDAwfSwic2NoZW1hX3ZlcnNpb24iOiIxIn0=",
          "dependencies": [
            "module.eks.aws_iam_role.eks_cluster",
            "module.eks.aws_iam_role_policy_attachment.eks_cluster_policy",
            "module.vpc.aws_subnet.public",
            "module.vpc.aws_vpc.main",
            "module.vpc.data.aws_availability_zones.available"
          ]
        }
      ]
    },
    {
      "module": "module.eks",
      "mode": "managed",
      "type": "aws_eks_node_group",
      "name": "main",
      "provider": "provider[\"registry.terraform.io/hashicorp/aws\"]",
      "instances": [
        {
          "schema_version": 0,
          "attributes": {
            "ami_type": "AL2_x86_64",
            "arn": "arn:aws:eks:us-east-2:824033490704:nodegroup/mlops-cluster/mlops-nodes/c2ce7e00-bab9-b3eb-3d97-2aa27426451f",
            "capacity_type": "SPOT",
            "cluster_name": "mlops-cluster",
            "disk_size": 20,
            "force_update_version": null,
            "id": "mlops-cluster:mlops-nodes",
            "instance_types": [
              "t3.medium"
            ],
            "labels": null,
            "launch_template": [],
            "node_group_name": "mlops-nodes",
            "node_group_name_prefix": "",
            "node_repair_config": [],
            "node_role_arn": "arn:aws:iam::824033490704:role/mlops-eks-node-role",
            "release_version": "1.29.15-20251209",
            "remote_access": [],
            "resources": [
              {
                "autoscaling_groups": [
                  {
                    "name": "eks-mlops-nodes-c2ce7e00-bab9-b3eb-3d97-2aa27426451f"
                  }
                ],
                "remote_access_security_group_id": ""
              }
            ],
            "scaling_config": [
              {
                "desired_size": 1,
                "max_size": 5,
                "min_size": 1
              }
            ],
            "status": "ACTIVE",
            "subnet_ids": [
              "subnet-0f8ec73fbabc49a5d",
              "subnet-0f918a9a048e6ff3b"
            ],
            "tags": {
              "Name": "mlops-node-group"
            },
            "tags_all": {
              "Environment": "prod",
              "ManagedBy": "Terraform",
              "Name": "mlops-node-group",
              "Owner": "mlops-team",
              "Project": "MLOps-Production"
            },
            "taint": [],
            "timeouts": null,
            "update_config": [
              {
                "max_unavailable": 1,
                "max_unavailable_percentage": 0
              }
            ],
            "version": "1.29"
          },
          "sensitive_attributes": [],
          "private": "eyJlMmJmYjczMC1lY2FhLTExZTYtOGY4OC0zNDM2M2JjN2M0YzAiOnsiY3JlYXRlIjozNjAwMDAwMDAwMDAwLCJkZWxldGUiOjM2MDAwMDAwMDAwMDAsInVwZGF0ZSI6MzYwMDAwMDAwMDAwMH19",
          "dependencies": [
            "module.eks.aws_eks_cluster.main",
            "module.eks.aws_iam_role.eks_cluster",
            "module.eks.aws_iam_role.eks_nodes",
            "module.eks.aws_iam_role_policy_attachment.ecr_read",
            "module.eks.aws_iam_role_policy_attachment.eks_cluster_policy",
            "module.eks.aws_iam_role_policy_attachment.eks_cni",
            "module.eks.aws_iam_role_policy_attachment.eks_worker_node",
            "module.vpc.aws_subnet.public",
            "module.vpc.aws_vpc.main",
            "module.vpc.data.aws_availability_zones.available"
          ]
        }
      ]
    },
    {
      "module": "module.eks",
      "mode": "managed",
      "type": "aws_iam_role",
      "name": "eks_cluster",
      "provider": "provider[\"registry.terraform.io/hashicorp/aws\"]",
      "instances": [
        {
          "schema_version": 0,
          "attributes": {
            "arn": "arn:aws:iam::824033490704:role/mlops-eks-cluster-role",
            "assume_role_policy": "{\"Statement\":[{\"Action\":\"sts:AssumeRole\",\"Effect\":\"Allow\",\"Principal\":{\"Service\":\"eks.amazonaws.com\"}}],\"Version\":\"2012-10-17\"}",
            "create_date": "2026-03-17T13:10:38Z",
            "description": "",
            "force_detach_policies": false,
            "id": "mlops-eks-cluster-role",
            "inline_policy": [],
            "managed_policy_arns": [
              "arn:aws:iam::aws:policy/AmazonEKSClusterPolicy"
            ],
            "max_session_duration": 3600,
            "name": "mlops-eks-cluster-role",
            "name_prefix": "",
            "path": "/",
            "permissions_boundary": "",
            "tags": {},
            "tags_all": {
              "Environment": "prod",
              "ManagedBy": "Terraform",
              "Owner": "mlops-team",
              "Project": "MLOps-Production"
            },
            "unique_id": "AROA37XBZG4IADI2WFNMC"
          },
          "sensitive_attributes": [],
          "private": "bnVsbA=="
        }
      ]
    },
    {
      "module": "module.eks",
      "mode": "managed",
      "type": "aws_iam_role",
      "name": "eks_nodes",
      "provider": "provider[\"registry.terraform.io/hashicorp/aws\"]",
      "instances": [
        {
          "schema_version": 0,
          "attributes": {
            "arn": "arn:aws:iam::824033490704:role/mlops-eks-node-role",
            "assume_role_policy": "{\"Statement\":[{\"Action\":\"sts:AssumeRole\",\"Effect\":\"Allow\",\"Principal\":{\"Service\":\"ec2.amazonaws.com\"}}],\"Version\":\"2012-10-17\"}",
            "create_date": "2026-03-17T13:10:38Z",
            "description": "",
            "force_detach_policies": false,
            "id": "mlops-eks-node-role",
            "inline_policy": [],
            "managed_policy_arns": [
              "arn:aws:iam::aws:policy/AmazonEC2ContainerRegistryReadOnly",
              "arn:aws:iam::aws:policy/AmazonEKSWorkerNodePolicy",
              "arn:aws:iam::aws:policy/AmazonEKS_CNI_Policy"
            ],
            "max_session_duration": 3600,
            "name": "mlops-eks-node-role",
            "name_prefix": "",
            "path": "/",
            "permissions_boundary": "",
            "tags": {},
            "tags_all": {
              "Environment": "prod",
              "ManagedBy": "Terraform",
              "Owner": "mlops-team",
              "Project": "MLOps-Production"
            },
            "unique_id": "AROA37XBZG4IMDFW76BJF"
          },
          "sensitive_attributes": [],
          "private": "bnVsbA=="
        }
      ]
    },
    {
      "module": "module.eks",
      "mode": "managed",
      "type": "aws_iam_role_policy_attachment",
      "name": "ecr_read",
      "provider": "provider[\"registry.terraform.io/hashicorp/aws\"]",
      "instances": [
        {
          "schema_version": 0,
          "attributes": {
            "id": "mlops-eks-node-role-20260317131040075800000003",
            "policy_arn": "arn:aws:iam::aws:policy/AmazonEC2ContainerRegistryReadOnly",
            "role": "mlops-eks-node-role"
          },
          "sensitive_attributes": [],
          "private": "bnVsbA==",
          "dependencies": [
            "module.eks.aws_iam_role.eks_nodes"
          ]
        }
      ]
    },
    {
      "module": "module.eks",
      "mode": "managed",
      "type": "aws_iam_role_policy_attachment",
      "name": "eks_cluster_policy",
      "provider": "provider[\"registry.terraform.io/hashicorp/aws\"]",
      "instances": [
        {
          "schema_version": 0,
          "attributes": {
            "id": "mlops-eks-cluster-role-20260317131039760400000001",
            "policy_arn": "arn:aws:iam::aws:policy/AmazonEKSClusterPolicy",
            "role": "mlops-eks-cluster-role"
          },
          "sensitive_attributes": [],
          "private": "bnVsbA==",
          "dependencies": [
            "module.eks.aws_iam_role.eks_cluster"
          ]
        }
      ]
    },
    {
      "module": "module.eks",
      "mode": "managed",
      "type": "aws_iam_role_policy_attachment",
      "name": "eks_cni",
      "provider": "provider[\"registry.terraform.io/hashicorp/aws\"]",
      "instances": [
        {
          "schema_version": 0,
          "attributes": {
            "id": "mlops-eks-node-role-20260317131040182200000004",
            "policy_arn": "arn:aws:iam::aws:policy/AmazonEKS_CNI_Policy",
            "role": "mlops-eks-node-role"
          },
          "sensitive_attributes": [],
          "private": "bnVsbA==",
          "dependencies": [
            "module.eks.aws_iam_role.eks_nodes"
          ]
        }
      ]
    },
    {
      "module": "module.eks",
      "mode": "managed",
      "type": "aws_iam_role_policy_attachment",
      "name": "eks_worker_node",
      "provider": "provider[\"registry.terraform.io/hashicorp/aws\"]",
      "instances": [
        {
          "schema_version": 0,
          "attributes": {
            "id": "mlops-eks-node-role-20260317131039955600000002",
            "policy_arn": "arn:aws:iam::aws:policy/AmazonEKSWorkerNodePolicy",
            "role": "mlops-eks-node-role"
          },
          "sensitive_attributes": [],
          "private": "bnVsbA==",
          "dependencies": [
            "module.eks.aws_iam_role.eks_nodes"
          ]
        }
      ]
    },
    {
      "module": "module.eks",
      "mode": "managed",
      "type": "aws_security_group",
      "name": "eks",
      "provider": "provider[\"registry.terraform.io/hashicorp/aws\"]",
      "instances": [
        {
          "schema_version": 1,
          "attributes": {
            "arn": "arn:aws:ec2:us-east-2:824033490704:security-group/sg-0c32f48a2bfb117ab",
            "description": "Managed by Terraform",
            "egress": [
              {
                "cidr_blocks": [
                  "0.0.0.0/0"
                ],
                "description": "",
                "from_port": 0,
                "ipv6_cidr_blocks": [],
                "prefix_list_ids": [],
                "protocol": "-1",
                "security_groups": [],
                "self": false,
                "to_port": 0
              }
            ],
            "id": "sg-0c32f48a2bfb117ab",
            "ingress": [
              {
                "cidr_blocks": [
                  "0.0.0.0/0"
                ],
                "description": "HTTP",
                "from_port": 80,
                "ipv6_cidr_blocks": [],
                "prefix_list_ids": [],
                "protocol": "tcp",
                "security_groups": [],
                "self": false,
                "to_port": 80
              },
              {
                "cidr_blocks": [
                  "0.0.0.0/0"
                ],
                "description": "HTTPS",
                "from_port": 443,
                "ipv6_cidr_blocks": [],
                "prefix_list_ids": [],
                "protocol": "tcp",
                "security_groups": [],
                "self": false,
                "to_port": 443
              },
              {
                "cidr_blocks": [
                  "0.0.0.0/0"
                ],
                "description": "NodePort range for K8s services",
                "from_port": 30000,
                "ipv6_cidr_blocks": [],
                "prefix_list_ids": [],
                "protocol": "tcp",
                "security_groups": [],
                "self": false,
                "to_port": 32767
              }
            ],
            "name": "mlops-eks-sg",
            "name_prefix": "",
            "owner_id": "824033490704",
            "revoke_rules_on_delete": false,
            "tags": {
              "Name": "mlops-eks-sg"
            },
            "tags_all": {
              "Environment": "prod",
              "ManagedBy": "Terraform",
              "Name": "mlops-eks-sg",
              "Owner": "mlops-team",
              "Project": "MLOps-Production"
            },
            "timeouts": null,
            "vpc_id": "vpc-045c88da3a33c68da"
          },
          "sensitive_attributes": [],
          "private": "eyJlMmJmYjczMC1lY2FhLTExZTYtOGY4OC0zNDM2M2JjN2M0YzAiOnsiY3JlYXRlIjo2MDAwMDAwMDAwMDAsImRlbGV0ZSI6OTAwMDAwMDAwMDAwfSwic2NoZW1hX3ZlcnNpb24iOiIxIn0=",
          "dependencies": [
            "module.vpc.aws_vpc.main"
          ]
        }
      ]
    },
    {
      "module": "module.jenkins",
      "mode": "data",
      "type": "aws_ami",
      "name": "ubuntu",
      "provider": "provider[\"registry.terraform.io/hashicorp/aws\"]",
      "instances": [
        {
          "schema_version": 0,
          "attributes": {
            "architecture": "x86_64",
            "arn": "arn:aws:ec2:us-east-2::image/ami-04a131f50a7b86648",
            "block_device_mappings": [
              {
                "device_name": "/dev/sda1",
                "ebs": {
                  "delete_on_termination": "true",
                  "encrypted": "false",
                  "iops": "0",
                  "snapshot_id": "snap-0eb5cb725aee8783d",
                  "throughput": "0",
                  "volume_initialization_rate": "0",
                  "volume_size": "8",
                  "volume_type": "gp2"
                },
                "no_device": "",
                "virtual_name": ""
              },
              {
                "device_name": "/dev/sdb",
                "ebs": {},
                "no_device": "",
                "virtual_name": "ephemeral0"
              },
              {
                "device_name": "/dev/sdc",
                "ebs": {},
                "no_device": "",
                "virtual_name": "ephemeral1"
              }
            ],
            "boot_mode": "uefi-preferred",
            "creation_date": "2026-02-18T06:50:26.000Z",
            "deprecation_time": "2028-02-18T06:50:26.000Z",
            "description": "Canonical, Ubuntu, 22.04, amd64 jammy image",
            "ena_support": true,
            "executable_users": null,
            "filter": [
              {
                "name": "name",
                "values": [
                  "ubuntu/images/hvm-ssd/ubuntu-jammy-22.04-amd64-server-*"
                ]
              }
            ],
            "hypervisor": "xen",
            "id": "ami-04a131f50a7b86648",
            "image_id": "ami-04a131f50a7b86648",
            "image_location": "amazon/ubuntu/images/hvm-ssd/ubuntu-jammy-22.04-amd64-server-20260218",
            "image_owner_alias": "amazon",
            "image_type": "machine",
            "imds_support": "",
            "include_deprecated": false,
            "kernel_id": "",
            "last_launched_time": "",
            "most_recent": true,
            "name": "ubuntu/images/hvm-ssd/ubuntu-jammy-22.04-amd64-server-20260218",
            "name_regex": null,
            "owner_id": "099720109477",
            "owners": [
              "099720109477"
            ],
            "platform": "",
            "platform_details": "Linux/UNIX",
            "product_codes": [],
            "public": true,
            "ramdisk_id": "",
            "root_device_name": "/dev/sda1",
            "root_device_type": "ebs",
            "root_snapshot_id": "snap-0eb5cb725aee8783d",
            "sriov_net_support": "simple",
            "state": "available",
            "state_reason": {
              "code": "UNSET",
              "message": "UNSET"
            },
            "tags": {},
            "timeouts": null,
            "tpm_support": "",
            "uefi_data": null,
            "usage_operation": "RunInstances",
            "virtualization_type": "hvm"
          },
          "sensitive_attributes": []
        }
      ]
    },
    {
      "module": "module.jenkins",
      "mode": "managed",
      "type": "aws_iam_instance_profile",
      "name": "jenkins",
      "provider": "provider[\"registry.terraform.io/hashicorp/aws\"]",
      "instances": [
        {
          "schema_version": 0,
          "attributes": {
            "arn": "arn:aws:iam::824033490704:instance-profile/mlops-jenkins-profile",
            "create_date": "2026-03-17T13:10:40Z",
            "id": "mlops-jenkins-profile",
            "name": "mlops-jenkins-profile",
            "name_prefix": "",
            "path": "/",
            "role": "mlops-jenkins-role",
            "tags": {},
            "tags_all": {
              "Environment": "prod",
              "ManagedBy": "Terraform",
              "Owner": "mlops-team",
              "Project": "MLOps-Production"
            },
            "unique_id": "AIPA37XBZG4IK7CELG5OI"
          },
          "sensitive_attributes": [],
          "private": "bnVsbA==",
          "dependencies": [
            "module.jenkins.aws_iam_role.jenkins"
          ]
        }
      ]
    },
    {
      "module": "module.jenkins",
      "mode": "managed",
      "type": "aws_iam_role",
      "name": "jenkins",
      "provider": "provider[\"registry.terraform.io/hashicorp/aws\"]",
      "instances": [
        {
          "schema_version": 0,
          "attributes": {
            "arn": "arn:aws:iam::824033490704:role/mlops-jenkins-role",
            "assume_role_policy": "{\"Statement\":[{\"Action\":\"sts:AssumeRole\",\"Effect\":\"Allow\",\"Principal\":{\"Service\":\"ec2.amazonaws.com\"}}],\"Version\":\"2012-10-17\"}",
            "create_date": "2026-03-17T13:10:38Z",
            "description": "",
            "force_detach_policies": false,
            "id": "mlops-jenkins-role",
            "inline_policy": [],
            "managed_policy_arns": [
              "arn:aws:iam::aws:policy/AmazonEC2ContainerRegistryFullAccess",
              "arn:aws:iam::aws:policy/AmazonEKSClusterPolicy",
              "arn:aws:iam::aws:policy/AmazonS3FullAccess"
            ],
            "max_session_duration": 3600,
            "name": "mlops-jenkins-role",
            "name_prefix": "",
            "path": "/",
            "permissions_boundary": "",
            "tags": {},
            "tags_all": {
              "Environment": "prod",
              "ManagedBy": "Terraform",
              "Owner": "mlops-team",
              "Project": "MLOps-Production"
            },
            "unique_id": "AROA37XBZG4IABDMMNB43"
          },
          "sensitive_attributes": [],
          "private": "bnVsbA=="
        }
      ]
    },
    {
      "module": "module.jenkins",
      "mode": "managed",
      "type": "aws_iam_role_policy_attachment",
      "name": "jenkins_ecr",
      "provider": "provider[\"registry.terraform.io/hashicorp/aws\"]",
      "instances": [
        {
          "schema_version": 0,
          "attributes": {
            "id": "mlops-jenkins-role-20260317131040249300000005",
            "policy_arn": "arn:aws:iam::aws:policy/AmazonEC2ContainerRegistryFullAccess",
            "role": "mlops-jenkins-role"
          },
          "sensitive_attributes": [],
          "private": "bnVsbA==",
          "dependencies": [
            "module.jenkins.aws_iam_role.jenkins"
          ]
        }
      ]
    },
    {
      "module": "module.jenkins",
      "mode": "managed",
      "type": "aws_iam_role_policy_attachment",
      "name": "jenkins_eks",
      "provider": "provider[\"registry.terraform.io/hashicorp/aws\"]",
      "instances": [
        {
          "schema_version": 0,
          "attributes": {
            "id": "mlops-jenkins-role-20260317131040652500000006",
            "policy_arn": "arn:aws:iam::aws:policy/AmazonEKSClusterPolicy",
            "role": "mlops-jenkins-role"
          },
          "sensitive_attributes": [],
          "private": "bnVsbA==",
          "dependencies": [
            "module.jenkins.aws_iam_role.jenkins"
          ]
        }
      ]
    },
    {
      "module": "module.jenkins",
      "mode": "managed",
      "type": "aws_iam_role_policy_attachment",
      "name": "jenkins_s3",
      "provider": "provider[\"registry.terraform.io/hashicorp/aws\"]",
      "instances": [
        {
          "schema_version": 0,
          "attributes": {
            "id": "mlops-jenkins-role-20260317131040679000000007",
            "policy_arn": "arn:aws:iam::aws:policy/AmazonS3FullAccess",
            "role": "mlops-jenkins-role"
          },
          "sensitive_attributes": [],
          "private": "bnVsbA==",
          "dependencies": [
            "module.jenkins.aws_iam_role.jenkins"
          ]
        }
      ]
    },
    {
      "module": "module.jenkins",
      "mode": "managed",
      "type": "aws_instance",
      "name": "jenkins",
      "provider": "provider[\"registry.terraform.io/hashicorp/aws\"]",
      "instances": [
        {
          "schema_version": 1,
          "attributes": {
            "ami": "ami-04a131f50a7b86648",
            "arn": "arn:aws:ec2:us-east-2:824033490704:instance/i-021d6c251ed777723",
            "associate_public_ip_address": true,
            "availability_zone": "us-east-2a",
            "capacity_reservation_specification": [
              {
                "capacity_reservation_preference": "open",
                "capacity_reservation_target": []
              }
            ],
            "cpu_core_count": 1,
            "cpu_options": [
              {
                "amd_sev_snp": "",
                "core_count": 1,
                "threads_per_core": 2
              }
            ],
            "cpu_threads_per_core": 2,
            "credit_specification": [
              {
                "cpu_credits": "unlimited"
              }
            ],
            "disable_api_stop": false,
            "disable_api_termination": false,
            "ebs_block_device": [],
            "ebs_optimized": false,
            "enable_primary_ipv6": null,
            "enclave_options": [
              {
                "enabled": false
              }
            ],
            "ephemeral_block_device": [],
            "get_password_data": false,
            "hibernation": false,
            "host_id": "",
            "host_resource_group_arn": null,
            "iam_instance_profile": "mlops-jenkins-profile",
            "id": "i-021d6c251ed777723",
            "instance_initiated_shutdown_behavior": "stop",
            "instance_lifecycle": "",
            "instance_market_options": [],
            "instance_state": "running",
            "instance_type": "t3.medium",
            "ipv6_address_count": 0,
            "ipv6_addresses": [],
            "key_name": "mlops-jenkins-key",
            "launch_template": [],
            "maintenance_options": [
              {
                "auto_recovery": "default"
              }
            ],
            "metadata_options": [
              {
                "http_endpoint": "enabled",
                "http_protocol_ipv6": "disabled",
                "http_put_response_hop_limit": 1,
                "http_tokens": "optional",
                "instance_metadata_tags": "disabled"
              }
            ],
            "monitoring": false,
            "network_interface": [],
            "outpost_arn": "",
            "password_data": "",
            "placement_group": "",
            "placement_partition_number": 0,
            "primary_network_interface_id": "eni-0f5c9bfae3c7b706e",
            "private_dns": "ip-10-0-0-49.us-east-2.compute.internal",
            "private_dns_name_options": [
              {
                "enable_resource_name_dns_a_record": false,
                "enable_resource_name_dns_aaaa_record": false,
                "hostname_type": "ip-name"
              }
            ],
            "private_ip": "10.0.0.49",
            "public_dns": "ec2-18-118-210-8.us-east-2.compute.amazonaws.com",
            "public_ip": "18.118.210.8",
            "root_block_device": [
              {
                "delete_on_termination": true,
                "device_name": "/dev/sda1",
                "encrypted": false,
                "iops": 3000,
                "kms_key_id": "",
                "tags": null,
                "tags_all": {
                  "Environment": "prod",
                  "ManagedBy": "Terraform",
                  "Owner": "mlops-team",
                  "Project": "MLOps-Production"
                },
                "throughput": 125,
                "volume_id": "vol-0eeb706a905395c5b",
                "volume_size": 30,
                "volume_type": "gp3"
              }
            ],
            "secondary_private_ips": [],
            "security_groups": [],
            "source_dest_check": true,
            "spot_instance_request_id": "",
            "subnet_id": "subnet-0f918a9a048e6ff3b",
            "tags": {
              "Name": "mlops-jenkins-server"
            },
            "tags_all": {
              "Environment": "prod",
              "ManagedBy": "Terraform",
              "Name": "mlops-jenkins-server",
              "Owner": "mlops-team",
              "Project": "MLOps-Production"
            },
            "tenancy": "default",
            "timeouts": null,
            "user_data": "1e1c5a80a42df6beffb86104a0301404b863ea61",
            "user_data_base64": null,
            "user_data_replace_on_change": false,
            "volume_tags": null,
            "vpc_security_group_ids": [
              "sg-0d35922ce3e6266ad"
            ]
          },
          "sensitive_attributes": [],
          "private": "eyJlMmJmYjczMC1lY2FhLTExZTYtOGY4OC0zNDM2M2JjN2M0YzAiOnsiY3JlYXRlIjo2MDAwMDAwMDAwMDAsImRlbGV0ZSI6MTIwMDAwMDAwMDAwMCwicmVhZCI6OTAwMDAwMDAwMDAwLCJ1cGRhdGUiOjYwMDAwMDAwMDAwMH0sInNjaGVtYV92ZXJzaW9uIjoiMSJ9",
          "dependencies": [
            "module.ecr.data.aws_caller_identity.current",
            "module.ecr.data.aws_region.current",
            "module.jenkins.aws_iam_instance_profile.jenkins",
            "module.jenkins.aws_key_pair.jenkins",
            "module.jenkins.aws_security_group.jenkins",
            "module.jenkins.data.aws_ami.ubuntu",
            "module.jenkins.tls_private_key.jenkins",
            "module.vpc.aws_subnet.public",
            "module.vpc.aws_vpc.main",
            "module.vpc.data.aws_availability_zones.available"
          ]
        }
      ]
    },
    {
      "module": "module.jenkins",
      "mode": "managed",
      "type": "aws_key_pair",
      "name": "jenkins",
      "provider": "provider[\"registry.terraform.io/hashicorp/aws\"]",
      "instances": [
        {
          "schema_version": 1,
          "attributes": {
            "arn": "arn:aws:ec2:us-east-2:824033490704:key-pair/mlops-jenkins-key",
            "fingerprint": "f2:ed:5b:97:88:9f:d7:ab:cd:fa:94:b1:40:02:c3:25",
            "id": "mlops-jenkins-key",
            "key_name": "mlops-jenkins-key",
            "key_name_prefix": "",
            "key_pair_id": "key-030187a56658f9725",
            "key_type": "rsa",
            "public_key": "ssh-rsa AAAAB3NzaC1yc2EAAAADAQABAAACAQDHmFuXsIwxRPBxcOMqCU8gpg6bpvIGbz1vyw38+GXNyse7IZrikSK1yoQxb43/zrVMHV1kk5xeDKlU9nEblzMlJTSi+wuegbhTRZ/pE7bipUU4S8nDQik59bcKn+zuxWocA5U99IiM/+M650HK2Ukvm6x5sUQMdjose34YAUJLu4n/O2GRHvHjQqipoP978vVRh5QMdsqPjotZAuseDH255kIhJMctOv4olLZRj9Ql0/4Ey6NKqL8x46GYbObIcS9H5H6l6Iw/98rc6jupGvICA9GHZE6KeQPVtSIM5XN93labrvGTMJxMCApmj6oOKBvD+2dFwscT7TLIH8DmAJJjm7A1QptMLk2td4O/rljXkN88M/ShN/7eJhNCU3H6Okpcwbsn707l4rkxy5WQWJfQ9u/iVMhVr4jgMs4Gr4OSPm64RPSP3S876YdnI5ZRmCafqCRkRitZCQg1+sSsVSyJs1euipk7hkMg9EtZpZWM8zexaRT53iQqYvMzepFWNNQVoNKJmVYri5I4dMDNFCJmegWRuUryVdOUdgXHOsGCi+3+Ck+TTsSPFmp3fbAP0zJBapAvJ+0wcCabqDGjYsRYXobmGKsLnXGTW2F5XhMpKegwAd4V7rHtCAe5IrUc534qoH8kVpP9+oVmcoZ+GaE3wXN9qVk/39bVMkD7Pk3uyQ==",
            "tags": null,
            "tags_all": {
              "Environment": "prod",
              "ManagedBy": "Terraform",
              "Owner": "mlops-team",
              "Project": "MLOps-Production"
            }
          },
          "sensitive_attributes": [],
          "private": "eyJzY2hlbWFfdmVyc2lvbiI6IjEifQ==",
          "dependencies": [
            "module.jenkins.tls_private_key.jenkins"
          ]
        }
      ]
    },
    {
      "module": "module.jenkins",
      "mode": "managed",
      "type": "aws_security_group",
      "name": "jenkins",
      "provider": "provider[\"registry.terraform.io/hashicorp/aws\"]",
      "instances": [
        {
          "schema_version": 1,
          "attributes": {
            "arn": "arn:aws:ec2:us-east-2:824033490704:security-group/sg-0d35922ce3e6266ad",
            "description": "Managed by Terraform",
            "egress": [
              {
                "cidr_blocks": [
                  "0.0.0.0/0"
                ],
                "description": "",
                "from_port": 0,
                "ipv6_cidr_blocks": [],
                "prefix_list_ids": [],
                "protocol": "-1",
                "security_groups": [],
                "self": false,
                "to_port": 0
              }
            ],
            "id": "sg-0d35922ce3e6266ad",
            "ingress": [
              {
                "cidr_blocks": [
                  "0.0.0.0/0"
                ],
                "description": "Jenkins agent port",
                "from_port": 50000,
                "ipv6_cidr_blocks": [],
                "prefix_list_ids": [],
                "protocol": "tcp",
                "security_groups": [],
                "self": false,
                "to_port": 50000
              },
              {
                "cidr_blocks": [
                  "0.0.0.0/0"
                ],
                "description": "Jenkins web UI",
                "from_port": 8080,
                "ipv6_cidr_blocks": [],
                "prefix_list_ids": [],
                "protocol": "tcp",
                "security_groups": [],
                "self": false,
                "to_port": 8080
              },
              {
                "cidr_blocks": [
                  "0.0.0.0/0"
                ],
                "description": "SSH access",
                "from_port": 22,
                "ipv6_cidr_blocks": [],
                "prefix_list_ids": [],
                "protocol": "tcp",
                "security_groups": [],
                "self": false,
                "to_port": 22
              }
            ],
            "name": "mlops-jenkins-sg",
            "name_prefix": "",
            "owner_id": "824033490704",
            "revoke_rules_on_delete": false,
            "tags": {
              "Name": "mlops-jenkins-sg"
            },
            "tags_all": {
              "Environment": "prod",
              "ManagedBy": "Terraform",
              "Name": "mlops-jenkins-sg",
              "Owner": "mlops-team",
              "Project": "MLOps-Production"
            },
            "timeouts": null,
            "vpc_id": "vpc-045c88da3a33c68da"
          },
          "sensitive_attributes": [],
          "private": "eyJlMmJmYjczMC1lY2FhLTExZTYtOGY4OC0zNDM2M2JjN2M0YzAiOnsiY3JlYXRlIjo2MDAwMDAwMDAwMDAsImRlbGV0ZSI6OTAwMDAwMDAwMDAwfSwic2NoZW1hX3ZlcnNpb24iOiIxIn0=",
          "dependencies": [
            "module.vpc.aws_vpc.main"
          ]
        }
      ]
    },
    {
      "module": "module.jenkins",
      "mode": "managed",
      "type": "local_file",
      "name": "jenkins_private_key",
      "provider": "provider[\"registry.terraform.io/hashicorp/local\"]",
      "instances": [
        {
          "schema_version": 0,
          "attributes": {
            "content": "-----BEGIN RSA PRIVATE KEY-----\nMIIJKAIBAAKCAgEAx5hbl7CMMUTwcXDjKglPIKYOm6byBm89b8sN/PhlzcrHuyGa\n4pEitcqEMW+N/861TB1dZJOcXgypVPZxG5czJSU0ovsLnoG4U0Wf6RO24qVFOEvJ\nw0IpOfW3Cp/s7sVqHAOVPfSIjP/jOudBytlJL5usebFEDHY6LHt+GAFCS7uJ/zth\nkR7x40KoqaD/e/L1UYeUDHbKj46LWQLrHgx9ueZCISTHLTr+KJS2UY/UJdP+BMuj\nSqi/MeOhmGzmyHEvR+R+peiMP/fK3Oo7qRryAgPRh2ROinkD1bUiDOVzfd5Wm67x\nkzCcTAgKZo+qDigbw/tnRcLHE+0yyB/A5gCSY5uwNUKbTC5NrXeDv65Y15DfPDP0\noTf+3iYTQlNx+jpKXMG7J+9O5eK5McuVkFiX0Pbv4lTIVa+I4DLOBq+Dkj5uuET0\nj90vO+mHZyOWUZgmn6gkZEYrWQkINfrErFUsibNXroqZO4ZDIPRLWaWVjPM3sWkU\n+d4kKmLzM3qRVjTUFaDSiZlWK4uSOHTAzRQiZnoFkblK8lXTlHYFxzrBgovt/gpP\nk07EjxZqd32wD9MyQWqQLyftMHAmm6gxo2LEWF6G5hirC51xk1theV4TKSnoMAHe\nFe6x7QgHuSK1HOd+KqB/JFaT/fqFZnKGfhmhN8FzfalZP9/W1TJA+z5N7skCAwEA\nAQKCAgAHkTgoxJUTcaBhlqogKqqaYOgFIKOvWNnrZ6y2jSGJTLwSP9RgLRM+hp3z\nhLNC0h7CHYtldVS8epj+wK9aCyXxjWBvt5pRoUFV0+S7uMdVFAxvVYKXPEZf8o1P\nkhpmKkErLHtvgMUevmgKWyCdvOuhyifJqdiRVeKqU34c0XW8Crv7xk/dHrSaR97T\n5pJvy+QfOhIOf8BPMsmc9Me+qQfTwQjRD59HEK64kbx7VBCy+fTOUFJXBxXk9vMb\nmlu3bgDLm5xtycbWeTHdZWU2FJB9a9EOo7/iugg/kBlemTeYm4dCVLQclIoFIRlp\ng8kgC1x+diUXVPVeBP7+bXjEvPEP0/313w6jlyw566O4KjiJVXHAQ8gXhaqzvXj0\nhPYLeTkzXct6gmyhUD5YYIwcbKEDP6iWhHYi2wtu59z/n2mahwV4Brr3ENh6Pdhu\nIaLvduBmfDmLT4f1MEZnzaCDhD6i4CNOKY4DUINm8p96ZDJ8vcsPdehj1V78gHCM\ngmVNKPCy/kohNbsFhXHxe0FhmpXeGJZEdd5RXDqM72svWHVezu6xPL8K8DPV89fx\n+kOXsSRKfsEd53E6Xh1MAd2nji0WTVATTfb0dEGCjgN6tM/3lim04AgjUsLQ4Ge1\nOfYdSTEM5UWV/n1vekePmWU60w6ATXeYiia+pLsN7LdjcQnZkQKCAQEA6T/TdcuW\njb1WxtCw6UKBkpXP8KB9jogBmowYDdrt6cjdXJIJYhXI549k8F9VP8+61DUvcVS3\nJSAEm6QxGXjttMmbHX/2tYFdvUiyPhUSpMtxhpFItS1L4PcY3qSN0vDyi9nRfzd5\nNRKLq/dkKZ/lVhh0dWUo4Vo477qPs/nv1s5yvg52nLVoo4IgC/10dCtNYbsMWVWp\nJYuxwrVboENCKaz5PgAPSg3kfyA2RXh67e2w51QHYSs8xdibIUELMKtfVx0VCdxS\ndn2qBIwsrOP1Hz9jlQExTtJZLKI1kA3Rcy71ElEtAlRlRiiaQTpIiTjlP9unRCSV\nHPOXbgyUC1f6+QKCAQEA2xAyKfd+dO2N31hHNxHFbT7ytbLIv/Lx+Xic6hjN4FS4\nxUPgNyt/T4mJhRwfy3oO2IaXHeNmcHNYoUh6ibx3VmRicWBQUKIthjp556PhIYTg\n9Qy34q9SgHy0GgCNJ1lDfcLEsB0HqHbOeGUYRNaKqdYtKVi47t0uE/6ifCigymGh\nxVNCrJWBT0tQsvV+VCnoVhN448/7iaSXb44bsodKaTMqSBpDsH4R1IoHBTOL6GYt\nSALZl4Nkt+9ZAk1D8oNjVzbbKd5/4UcruhLTGFNUf/sGjXqqFodA7eUGqmfNezQb\niYCOWt7/A0nJxYUcW0iKAie8UgV6l8iSDBrND382UQKCAQBI3F851Lba3+JTiK06\nsEO5foLOL9QIygN2O3zoFxNqjAxZ9mRn91Yiv3BQhfcjT8iUsWh4hnYPaskFtWyB\nAH2Ak9mYhXiTii22CxdivUJtp/92gbusnNGvHIDwS4bh9dJOTWRb0QBTy89FkKoB\nNql1E36NjWQPwRc4C5cIKXL6LtM4+1uh6Ckfqm5IUIwoHb62YK+i2FdWGyUUJYLR\ntTDdw+K3s10TTPOromxRlykPWciA+oazm8YIJ3mOEbtlIKNPmw4PXnuD+A08Dm2G\nNE9Fy49X5F96t8qTXrhMn4Rl7q0vY5wjtilMmTJWXdZ6xwMVx4+ggazytkT/Y357\nbKhBAoIBABBfO4CLcLYIcwv4Kwpgl6K8i6Msw3glDhSZARE13V0gt9Z2ZjF5XMBz\nBQYfvfiVHLruBClFr4hD9qHHKvFUVo7sXbcffaEpHcHkaOv5AYBhz/ZAhxW4CLB1\noXg4BlSkhTjG77BB2yqqBnBVDeVHK4HZ8fIfIWMowKLZ6wbgenPlrBN1T4xaeBmX\nBWb6lgBwSV71gZl1F9WHqZG6yzMijVsjacuNuvVb1rVNw4yN96zcxhGVtPFv7n0Y\ntExJvgRH8Yq5HNQaPvB1Qz1a3s/4ml4eQrUcL84TObUN4tulemP01wIFy53bALAc\nOao7co0X9MiIc7illC333YJuFllMJqECggEBALm4+TCRauE0J2TEzxbPTUc/6oZU\nW9o2YZlXm8OQVicaX+H0nuliDqXIB20T6BnlGASjEa3rJDbvJyG4J9TL5r3C/YGY\n4OWAOuEp2QUfT7zbkMyQAt0CYYGVnReyaMrVDQMf9ApJsIGQ331TXe3kaQq+Q6cb\noRlazULeVcS7E8/HKChxfvpVLrAeulk+RcOLlvvsBAjlsFZOwIa85NwMZdziZsF2\npkbPqldmzMFt/DHha3i70cFshLs+M/lPcGy7zebkpxWPdzE5OzLTh3UxlkJAhXGk\nr/6bDsCb7asvP6YeglD48oXAH6r7vEVy9wrsthbodthb/gFQEzqy/ms1224=\n-----END RSA PRIVATE KEY-----\n",
            "content_base64": null,
            "content_base64sha256": "mzI2MG4dDN93J8QR3whyvTzQDsFxLBKmfmUF03QEBgU=",
            "content_base64sha512": "nm5tmyfhuhDoaSmcP9fhYe2a27pOfCdTE7I5Dwk3t+9iqaU1L1xN4MxYQZTO7uR03Ev9Rz1RjFOfCPOa0KmDvA==",
            "content_md5": "dcf15b04028edfda32f77575b2aa66e3",
            "content_sha1": "e76d720ca8f6861f3400be6b1609518b554a3ab8",
            "content_sha256": "9b3236306e1d0cdf7727c411df0872bd3cd00ec1712c12a67e6505d374040605",
            "content_sha512": "9e6e6d9b27e1ba10e869299c3fd7e161ed9adbba4e7c275313b2390f0937b7ef62a9a5352f5c4de0cc584194ceeee474dc4bfd473d518c539f08f39ad0a983bc",
            "directory_permission": "0777",
            "file_permission": "0400",
            "filename": "./jenkins-key.pem",
            "id": "e76d720ca8f6861f3400be6b1609518b554a3ab8",
            "sensitive_content": null,
            "source": null
          },
          "sensitive_attributes": [
            [
              {
                "type": "get_attr",
                "value": "content"
              }
            ]
          ],
          "dependencies": [
            "module.jenkins.tls_private_key.jenkins"
          ]
        }
      ]
    },
    {
      "module": "module.jenkins",
      "mode": "managed",
      "type": "tls_private_key",
      "name": "jenkins",
      "provider": "provider[\"registry.terraform.io/hashicorp/tls\"]",
      "instances": [
        {
          "schema_version": 1,
          "attributes": {
            "algorithm": "RSA",
            "ecdsa_curve": "P224",
            "id": "744587782115342fa2f27263e6c5fc2df719e930",
            "private_key_openssh": "-----BEGIN OPENSSH PRIVATE KEY-----\nb3BlbnNzaC1rZXktdjEAAAAABG5vbmUAAAAEbm9uZQAAAAAAAAABAAACFwAAAAdz\nc2gtcnNhAAAAAwEAAQAAAgEAx5hbl7CMMUTwcXDjKglPIKYOm6byBm89b8sN/Phl\nzcrHuyGa4pEitcqEMW+N/861TB1dZJOcXgypVPZxG5czJSU0ovsLnoG4U0Wf6RO2\n4qVFOEvJw0IpOfW3Cp/s7sVqHAOVPfSIjP/jOudBytlJL5usebFEDHY6LHt+GAFC\nS7uJ/zthkR7x40KoqaD/e/L1UYeUDHbKj46LWQLrHgx9ueZCISTHLTr+KJS2UY/U\nJdP+BMujSqi/MeOhmGzmyHEvR+R+peiMP/fK3Oo7qRryAgPRh2ROinkD1bUiDOVz\nfd5Wm67xkzCcTAgKZo+qDigbw/tnRcLHE+0yyB/A5gCSY5uwNUKbTC5NrXeDv65Y\n15DfPDP0oTf+3iYTQlNx+jpKXMG7J+9O5eK5McuVkFiX0Pbv4lTIVa+I4DLOBq+D\nkj5uuET0j90vO+mHZyOWUZgmn6gkZEYrWQkINfrErFUsibNXroqZO4ZDIPRLWaWV\njPM3sWkU+d4kKmLzM3qRVjTUFaDSiZlWK4uSOHTAzRQiZnoFkblK8lXTlHYFxzrB\ngovt/gpPk07EjxZqd32wD9MyQWqQLyftMHAmm6gxo2LEWF6G5hirC51xk1theV4T\nKSnoMAHeFe6x7QgHuSK1HOd+KqB/JFaT/fqFZnKGfhmhN8FzfalZP9/W1TJA+z5N\n7skAAAc4LbwKWS28ClkAAAAHc3NoLXJzYQAAAgEAx5hbl7CMMUTwcXDjKglPIKYO\nm6byBm89b8sN/PhlzcrHuyGa4pEitcqEMW+N/861TB1dZJOcXgypVPZxG5czJSU0\novsLnoG4U0Wf6RO24qVFOEvJw0IpOfW3Cp/s7sVqHAOVPfSIjP/jOudBytlJL5us\nebFEDHY6LHt+GAFCS7uJ/zthkR7x40KoqaD/e/L1UYeUDHbKj46LWQLrHgx9ueZC\nISTHLTr+KJS2UY/UJdP+BMujSqi/MeOhmGzmyHEvR+R+peiMP/fK3Oo7qRryAgPR\nh2ROinkD1bUiDOVzfd5Wm67xkzCcTAgKZo+qDigbw/tnRcLHE+0yyB/A5gCSY5uw\nNUKbTC5NrXeDv65Y15DfPDP0oTf+3iYTQlNx+jpKXMG7J+9O5eK5McuVkFiX0Pbv\n4lTIVa+I4DLOBq+Dkj5uuET0j90vO+mHZyOWUZgmn6gkZEYrWQkINfrErFUsibNX\nroqZO4ZDIPRLWaWVjPM3sWkU+d4kKmLzM3qRVjTUFaDSiZlWK4uSOHTAzRQiZnoF\nkblK8lXTlHYFxzrBgovt/gpPk07EjxZqd32wD9MyQWqQLyftMHAmm6gxo2LEWF6G\n5hirC51xk1theV4TKSnoMAHeFe6x7QgHuSK1HOd+KqB/JFaT/fqFZnKGfhmhN8Fz\nfalZP9/W1TJA+z5N7skAAAADAQABAAACAAeROCjElRNxoGGWqiAqqppg6AUgo69Y\n2etnrLaNIYlMvBI/1GAtEz6GnfOEs0LSHsIdi2V1VLx6mP7Ar1oLJfGNYG+3mlGh\nQVXT5Lu4x1UUDG9Vgpc8Rl/yjU+SGmYqQSsse2+AxR6+aApbIJ2866HKJ8mp2JFV\n4qpTfhzRdbwKu/vGT90etJpH3tPmkm/L5B86Eg5/wE8yyZz0x76pB9PBCNEPn0cQ\nrriRvHtUELL59M5QUlcHFeT28xuaW7duAMubnG3JxtZ5Md1lZTYUkH1r0Q6jv+K6\nCD+QGV6ZN5ibh0JUtByUigUhGWmDySALXH52JRdU9V4E/v5teMS88Q/T/fXfDqOX\nLDnro7gqOIlVccBDyBeFqrO9ePSE9gt5OTNdy3qCbKFQPlhgjBxsoQM/qJaEdiLb\nC27n3P+faZqHBXgGuvcQ2Ho92G4hou924GZ8OYtPh/UwRmfNoIOEPqLgI04pjgNQ\ng2byn3pkMny9yw916GPVXvyAcIyCZU0o8LL+SiE1uwWFcfF7QWGald4YlkR13lFc\nOozvay9YdV7O7rE8vwrwM9Xz1/H6Q5exJEp+wR3ncTpeHUwB3aeOLRZNUBNN9vR0\nQYKOA3q0z/eWKbTgCCNSwtDgZ7U59h1JMQzlRZX+fW96R4+ZZTrTDoBNd5iKJr6k\nuw3st2NxCdmRAAABAQC5uPkwkWrhNCdkxM8Wz01HP+qGVFvaNmGZV5vDkFYnGl/h\n9J7pYg6lyAdtE+gZ5RgEoxGt6yQ27ychuCfUy+a9wv2BmODlgDrhKdkFH0+825DM\nkALdAmGBlZ0XsmjK1Q0DH/QKSbCBkN99U13t5GkKvkOnG6EZWs1C3lXEuxPPxygo\ncX76VS6wHrpZPkXDi5b77AQI5bBWTsCGvOTcDGXc4mbBdqZGz6pXZszBbfwx4Wt4\nu9HBbIS7PjP5T3Bsu83m5KcVj3cxOTsy04d1MZZCQIVxpK/+mw7Am+2rLz+mHoJQ\n+PKFwB+q+7xFcvcK7LYW6HbYW/4BUBM6sv5rNdtuAAABAQDpP9N1y5aNvVbG0LDp\nQoGSlc/woH2OiAGajBgN2u3pyN1ckgliFcjnj2TwX1U/z7rUNS9xVLclIASbpDEZ\neO20yZsdf/a1gV29SLI+FRKky3GGkUi1LUvg9xjepI3S8PKL2dF/N3k1Eour92Qp\nn+VWGHR1ZSjhWjjvuo+z+e/WznK+DnactWijgiAL/XR0K01huwxZVakli7HCtVug\nQ0IprPk+AA9KDeR/IDZFeHrt7bDnVAdhKzzF2JshQQswq19XHRUJ3FJ2faoEjCys\n4/UfP2OVATFO0lksojWQDdFzLvUSUS0CVGVGKJpBOkiJOOU/26dEJJUc85duDJQL\nV/r5AAABAQDbEDIp93507Y3fWEc3EcVtPvK1ssi/8vH5eJzqGM3gVLjFQ+A3K39P\niYmFHB/Leg7Yhpcd42Zwc1ihSHqJvHdWZGJxYFBQoi2GOnnno+EhhOD1DLfir1KA\nfLQaAI0nWUN9wsSwHQeods54ZRhE1oqp1i0pWLju3S4T/qJ8KKDKYaHFU0KslYFP\nS1Cy9X5UKehWE3jjz/uJpJdvjhuyh0ppMypIGkOwfhHUigcFM4voZi1IAtmXg2S3\n71kCTUPyg2NXNtsp3n/hRyu6EtMYU1R/+waNeqoWh0Dt5QaqZ817NBuJgI5a3v8D\nScnFhRxbSIoCJ7xSBXqXyJIMGs0PfzZRAAAAAAEC\n-----END OPENSSH PRIVATE KEY-----\n",
            "private_key_pem": "-----BEGIN RSA PRIVATE KEY-----\nMIIJKAIBAAKCAgEAx5hbl7CMMUTwcXDjKglPIKYOm6byBm89b8sN/PhlzcrHuyGa\n4pEitcqEMW+N/861TB1dZJOcXgypVPZxG5czJSU0ovsLnoG4U0Wf6RO24qVFOEvJ\nw0IpOfW3Cp/s7sVqHAOVPfSIjP/jOudBytlJL5usebFEDHY6LHt+GAFCS7uJ/zth\nkR7x40KoqaD/e/L1UYeUDHbKj46LWQLrHgx9ueZCISTHLTr+KJS2UY/UJdP+BMuj\nSqi/MeOhmGzmyHEvR+R+peiMP/fK3Oo7qRryAgPRh2ROinkD1bUiDOVzfd5Wm67x\nkzCcTAgKZo+qDigbw/tnRcLHE+0yyB/A5gCSY5uwNUKbTC5NrXeDv65Y15DfPDP0\noTf+3iYTQlNx+jpKXMG7J+9O5eK5McuVkFiX0Pbv4lTIVa+I4DLOBq+Dkj5uuET0\nj90vO+mHZyOWUZgmn6gkZEYrWQkINfrErFUsibNXroqZO4ZDIPRLWaWVjPM3sWkU\n+d4kKmLzM3qRVjTUFaDSiZlWK4uSOHTAzRQiZnoFkblK8lXTlHYFxzrBgovt/gpP\nk07EjxZqd32wD9MyQWqQLyftMHAmm6gxo2LEWF6G5hirC51xk1theV4TKSnoMAHe\nFe6x7QgHuSK1HOd+KqB/JFaT/fqFZnKGfhmhN8FzfalZP9/W1TJA+z5N7skCAwEA\nAQKCAgAHkTgoxJUTcaBhlqogKqqaYOgFIKOvWNnrZ6y2jSGJTLwSP9RgLRM+hp3z\nhLNC0h7CHYtldVS8epj+wK9aCyXxjWBvt5pRoUFV0+S7uMdVFAxvVYKXPEZf8o1P\nkhpmKkErLHtvgMUevmgKWyCdvOuhyifJqdiRVeKqU34c0XW8Crv7xk/dHrSaR97T\n5pJvy+QfOhIOf8BPMsmc9Me+qQfTwQjRD59HEK64kbx7VBCy+fTOUFJXBxXk9vMb\nmlu3bgDLm5xtycbWeTHdZWU2FJB9a9EOo7/iugg/kBlemTeYm4dCVLQclIoFIRlp\ng8kgC1x+diUXVPVeBP7+bXjEvPEP0/313w6jlyw566O4KjiJVXHAQ8gXhaqzvXj0\nhPYLeTkzXct6gmyhUD5YYIwcbKEDP6iWhHYi2wtu59z/n2mahwV4Brr3ENh6Pdhu\nIaLvduBmfDmLT4f1MEZnzaCDhD6i4CNOKY4DUINm8p96ZDJ8vcsPdehj1V78gHCM\ngmVNKPCy/kohNbsFhXHxe0FhmpXeGJZEdd5RXDqM72svWHVezu6xPL8K8DPV89fx\n+kOXsSRKfsEd53E6Xh1MAd2nji0WTVATTfb0dEGCjgN6tM/3lim04AgjUsLQ4Ge1\nOfYdSTEM5UWV/n1vekePmWU60w6ATXeYiia+pLsN7LdjcQnZkQKCAQEA6T/TdcuW\njb1WxtCw6UKBkpXP8KB9jogBmowYDdrt6cjdXJIJYhXI549k8F9VP8+61DUvcVS3\nJSAEm6QxGXjttMmbHX/2tYFdvUiyPhUSpMtxhpFItS1L4PcY3qSN0vDyi9nRfzd5\nNRKLq/dkKZ/lVhh0dWUo4Vo477qPs/nv1s5yvg52nLVoo4IgC/10dCtNYbsMWVWp\nJYuxwrVboENCKaz5PgAPSg3kfyA2RXh67e2w51QHYSs8xdibIUELMKtfVx0VCdxS\ndn2qBIwsrOP1Hz9jlQExTtJZLKI1kA3Rcy71ElEtAlRlRiiaQTpIiTjlP9unRCSV\nHPOXbgyUC1f6+QKCAQEA2xAyKfd+dO2N31hHNxHFbT7ytbLIv/Lx+Xic6hjN4FS4\nxUPgNyt/T4mJhRwfy3oO2IaXHeNmcHNYoUh6ibx3VmRicWBQUKIthjp556PhIYTg\n9Qy34q9SgHy0GgCNJ1lDfcLEsB0HqHbOeGUYRNaKqdYtKVi47t0uE/6ifCigymGh\nxVNCrJWBT0tQsvV+VCnoVhN448/7iaSXb44bsodKaTMqSBpDsH4R1IoHBTOL6GYt\nSALZl4Nkt+9ZAk1D8oNjVzbbKd5/4UcruhLTGFNUf/sGjXqqFodA7eUGqmfNezQb\niYCOWt7/A0nJxYUcW0iKAie8UgV6l8iSDBrND382UQKCAQBI3F851Lba3+JTiK06\nsEO5foLOL9QIygN2O3zoFxNqjAxZ9mRn91Yiv3BQhfcjT8iUsWh4hnYPaskFtWyB\nAH2Ak9mYhXiTii22CxdivUJtp/92gbusnNGvHIDwS4bh9dJOTWRb0QBTy89FkKoB\nNql1E36NjWQPwRc4C5cIKXL6LtM4+1uh6Ckfqm5IUIwoHb62YK+i2FdWGyUUJYLR\ntTDdw+K3s10TTPOromxRlykPWciA+oazm8YIJ3mOEbtlIKNPmw4PXnuD+A08Dm2G\nNE9Fy49X5F96t8qTXrhMn4Rl7q0vY5wjtilMmTJWXdZ6xwMVx4+ggazytkT/Y357\nbKhBAoIBABBfO4CLcLYIcwv4Kwpgl6K8i6Msw3glDhSZARE13V0gt9Z2ZjF5XMBz\nBQYfvfiVHLruBClFr4hD9qHHKvFUVo7sXbcffaEpHcHkaOv5AYBhz/ZAhxW4CLB1\noXg4BlSkhTjG77BB2yqqBnBVDeVHK4HZ8fIfIWMowKLZ6wbgenPlrBN1T4xaeBmX\nBWb6lgBwSV71gZl1F9WHqZG6yzMijVsjacuNuvVb1rVNw4yN96zcxhGVtPFv7n0Y\ntExJvgRH8Yq5HNQaPvB1Qz1a3s/4ml4eQrUcL84TObUN4tulemP01wIFy53bALAc\nOao7co0X9MiIc7illC333YJuFllMJqECggEBALm4+TCRauE0J2TEzxbPTUc/6oZU\nW9o2YZlXm8OQVicaX+H0nuliDqXIB20T6BnlGASjEa3rJDbvJyG4J9TL5r3C/YGY\n4OWAOuEp2QUfT7zbkMyQAt0CYYGVnReyaMrVDQMf9ApJsIGQ331TXe3kaQq+Q6cb\noRlazULeVcS7E8/HKChxfvpVLrAeulk+RcOLlvvsBAjlsFZOwIa85NwMZdziZsF2\npkbPqldmzMFt/DHha3i70cFshLs+M/lPcGy7zebkpxWPdzE5OzLTh3UxlkJAhXGk\nr/6bDsCb7asvP6YeglD48oXAH6r7vEVy9wrsthbodthb/gFQEzqy/ms1224=\n-----END RSA PRIVATE KEY-----\n",
            "private_key_pem_pkcs8": "-----BEGIN PRIVATE KEY-----\nMIIJQgIBADANBgkqhkiG9w0BAQEFAASCCSwwggkoAgEAAoICAQDHmFuXsIwxRPBx\ncOMqCU8gpg6bpvIGbz1vyw38+GXNyse7IZrikSK1yoQxb43/zrVMHV1kk5xeDKlU\n9nEblzMlJTSi+wuegbhTRZ/pE7bipUU4S8nDQik59bcKn+zuxWocA5U99IiM/+M6\n50HK2Ukvm6x5sUQMdjose34YAUJLu4n/O2GRHvHjQqipoP978vVRh5QMdsqPjotZ\nAuseDH255kIhJMctOv4olLZRj9Ql0/4Ey6NKqL8x46GYbObIcS9H5H6l6Iw/98rc\n6jupGvICA9GHZE6KeQPVtSIM5XN93labrvGTMJxMCApmj6oOKBvD+2dFwscT7TLI\nH8DmAJJjm7A1QptMLk2td4O/rljXkN88M/ShN/7eJhNCU3H6Okpcwbsn707l4rkx\ny5WQWJfQ9u/iVMhVr4jgMs4Gr4OSPm64RPSP3S876YdnI5ZRmCafqCRkRitZCQg1\n+sSsVSyJs1euipk7hkMg9EtZpZWM8zexaRT53iQqYvMzepFWNNQVoNKJmVYri5I4\ndMDNFCJmegWRuUryVdOUdgXHOsGCi+3+Ck+TTsSPFmp3fbAP0zJBapAvJ+0wcCab\nqDGjYsRYXobmGKsLnXGTW2F5XhMpKegwAd4V7rHtCAe5IrUc534qoH8kVpP9+oVm\ncoZ+GaE3wXN9qVk/39bVMkD7Pk3uyQIDAQABAoICAAeROCjElRNxoGGWqiAqqppg\n6AUgo69Y2etnrLaNIYlMvBI/1GAtEz6GnfOEs0LSHsIdi2V1VLx6mP7Ar1oLJfGN\nYG+3mlGhQVXT5Lu4x1UUDG9Vgpc8Rl/yjU+SGmYqQSsse2+AxR6+aApbIJ2866HK\nJ8mp2JFV4qpTfhzRdbwKu/vGT90etJpH3tPmkm/L5B86Eg5/wE8yyZz0x76pB9PB\nCNEPn0cQrriRvHtUELL59M5QUlcHFeT28xuaW7duAMubnG3JxtZ5Md1lZTYUkH1r\n0Q6jv+K6CD+QGV6ZN5ibh0JUtByUigUhGWmDySALXH52JRdU9V4E/v5teMS88Q/T\n/fXfDqOXLDnro7gqOIlVccBDyBeFqrO9ePSE9gt5OTNdy3qCbKFQPlhgjBxsoQM/\nqJaEdiLbC27n3P+faZqHBXgGuvcQ2Ho92G4hou924GZ8OYtPh/UwRmfNoIOEPqLg\nI04pjgNQg2byn3pkMny9yw916GPVXvyAcIyCZU0o8LL+SiE1uwWFcfF7QWGald4Y\nlkR13lFcOozvay9YdV7O7rE8vwrwM9Xz1/H6Q5exJEp+wR3ncTpeHUwB3aeOLRZN\nUBNN9vR0QYKOA3q0z/eWKbTgCCNSwtDgZ7U59h1JMQzlRZX+fW96R4+ZZTrTDoBN\nd5iKJr6kuw3st2NxCdmRAoIBAQDpP9N1y5aNvVbG0LDpQoGSlc/woH2OiAGajBgN\n2u3pyN1ckgliFcjnj2TwX1U/z7rUNS9xVLclIASbpDEZeO20yZsdf/a1gV29SLI+\nFRKky3GGkUi1LUvg9xjepI3S8PKL2dF/N3k1Eour92Qpn+VWGHR1ZSjhWjjvuo+z\n+e/WznK+DnactWijgiAL/XR0K01huwxZVakli7HCtVugQ0IprPk+AA9KDeR/IDZF\neHrt7bDnVAdhKzzF2JshQQswq19XHRUJ3FJ2faoEjCys4/UfP2OVATFO0lksojWQ\nDdFzLvUSUS0CVGVGKJpBOkiJOOU/26dEJJUc85duDJQLV/r5AoIBAQDbEDIp9350\n7Y3fWEc3EcVtPvK1ssi/8vH5eJzqGM3gVLjFQ+A3K39PiYmFHB/Leg7Yhpcd42Zw\nc1ihSHqJvHdWZGJxYFBQoi2GOnnno+EhhOD1DLfir1KAfLQaAI0nWUN9wsSwHQeo\nds54ZRhE1oqp1i0pWLju3S4T/qJ8KKDKYaHFU0KslYFPS1Cy9X5UKehWE3jjz/uJ\npJdvjhuyh0ppMypIGkOwfhHUigcFM4voZi1IAtmXg2S371kCTUPyg2NXNtsp3n/h\nRyu6EtMYU1R/+waNeqoWh0Dt5QaqZ817NBuJgI5a3v8DScnFhRxbSIoCJ7xSBXqX\nyJIMGs0PfzZRAoIBAEjcXznUttrf4lOIrTqwQ7l+gs4v1AjKA3Y7fOgXE2qMDFn2\nZGf3ViK/cFCF9yNPyJSxaHiGdg9qyQW1bIEAfYCT2ZiFeJOKLbYLF2K9Qm2n/3aB\nu6yc0a8cgPBLhuH10k5NZFvRAFPLz0WQqgE2qXUTfo2NZA/BFzgLlwgpcvou0zj7\nW6HoKR+qbkhQjCgdvrZgr6LYV1YbJRQlgtG1MN3D4rezXRNM86uibFGXKQ9ZyID6\nhrObxggneY4Ru2Ugo0+bDg9ee4P4DTwObYY0T0XLj1fkX3q3ypNeuEyfhGXurS9j\nnCO2KUyZMlZd1nrHAxXHj6CBrPK2RP9jfntsqEECggEAEF87gItwtghzC/grCmCX\noryLoyzDeCUOFJkBETXdXSC31nZmMXlcwHMFBh+9+JUcuu4EKUWviEP2occq8VRW\njuxdtx99oSkdweRo6/kBgGHP9kCHFbgIsHWheDgGVKSFOMbvsEHbKqoGcFUN5Ucr\ngdnx8h8hYyjAotnrBuB6c+WsE3VPjFp4GZcFZvqWAHBJXvWBmXUX1YepkbrLMyKN\nWyNpy4269VvWtU3DjI33rNzGEZW08W/ufRi0TEm+BEfxirkc1Bo+8HVDPVrez/ia\nXh5CtRwvzhM5tQ3i26V6Y/TXAgXLndsAsBw5qjtyjRf0yIhzuKWULffdgm4WWUwm\noQKCAQEAubj5MJFq4TQnZMTPFs9NRz/qhlRb2jZhmVebw5BWJxpf4fSe6WIOpcgH\nbRPoGeUYBKMRreskNu8nIbgn1MvmvcL9gZjg5YA64SnZBR9PvNuQzJAC3QJhgZWd\nF7JoytUNAx/0CkmwgZDffVNd7eRpCr5DpxuhGVrNQt5VxLsTz8coKHF++lUusB66\nWT5Fw4uW++wECOWwVk7Ahrzk3Axl3OJmwXamRs+qV2bMwW38MeFreLvRwWyEuz4z\n+U9wbLvN5uSnFY93MTk7MtOHdTGWQkCFcaSv/psOwJvtqy8/ph6CUPjyhcAfqvu8\nRXL3Cuy2Fuh22Fv+AVATOrL+azXbbg==\n-----END PRIVATE KEY-----\n",
            "public_key_fingerprint_md5": "88:37:49:fd:c2:f9:3e:e5:e4:44:a5:a7:23:48:e5:aa",
            "public_key_fingerprint_sha256": "SHA256:GhmY+YxJjoml9qj0ItEzXus6aZHJO7X7fIQW3rRqZHA",
            "public_key_openssh": "ssh-rsa AAAAB3NzaC1yc2EAAAADAQABAAACAQDHmFuXsIwxRPBxcOMqCU8gpg6bpvIGbz1vyw38+GXNyse7IZrikSK1yoQxb43/zrVMHV1kk5xeDKlU9nEblzMlJTSi+wuegbhTRZ/pE7bipUU4S8nDQik59bcKn+zuxWocA5U99IiM/+M650HK2Ukvm6x5sUQMdjose34YAUJLu4n/O2GRHvHjQqipoP978vVRh5QMdsqPjotZAuseDH255kIhJMctOv4olLZRj9Ql0/4Ey6NKqL8x46GYbObIcS9H5H6l6Iw/98rc6jupGvICA9GHZE6KeQPVtSIM5XN93labrvGTMJxMCApmj6oOKBvD+2dFwscT7TLIH8DmAJJjm7A1QptMLk2td4O/rljXkN88M/ShN/7eJhNCU3H6Okpcwbsn707l4rkxy5WQWJfQ9u/iVMhVr4jgMs4Gr4OSPm64RPSP3S876YdnI5ZRmCafqCRkRitZCQg1+sSsVSyJs1euipk7hkMg9EtZpZWM8zexaRT53iQqYvMzepFWNNQVoNKJmVYri5I4dMDNFCJmegWRuUryVdOUdgXHOsGCi+3+Ck+TTsSPFmp3fbAP0zJBapAvJ+0wcCabqDGjYsRYXobmGKsLnXGTW2F5XhMpKegwAd4V7rHtCAe5IrUc534qoH8kVpP9+oVmcoZ+GaE3wXN9qVk/39bVMkD7Pk3uyQ==\n",
            "public_key_pem": "-----BEGIN PUBLIC KEY-----\nMIICIjANBgkqhkiG9w0BAQEFAAOCAg8AMIICCgKCAgEAx5hbl7CMMUTwcXDjKglP\nIKYOm6byBm89b8sN/PhlzcrHuyGa4pEitcqEMW+N/861TB1dZJOcXgypVPZxG5cz\nJSU0ovsLnoG4U0Wf6RO24qVFOEvJw0IpOfW3Cp/s7sVqHAOVPfSIjP/jOudBytlJ\nL5usebFEDHY6LHt+GAFCS7uJ/zthkR7x40KoqaD/e/L1UYeUDHbKj46LWQLrHgx9\nueZCISTHLTr+KJS2UY/UJdP+BMujSqi/MeOhmGzmyHEvR+R+peiMP/fK3Oo7qRry\nAgPRh2ROinkD1bUiDOVzfd5Wm67xkzCcTAgKZo+qDigbw/tnRcLHE+0yyB/A5gCS\nY5uwNUKbTC5NrXeDv65Y15DfPDP0oTf+3iYTQlNx+jpKXMG7J+9O5eK5McuVkFiX\n0Pbv4lTIVa+I4DLOBq+Dkj5uuET0j90vO+mHZyOWUZgmn6gkZEYrWQkINfrErFUs\nibNXroqZO4ZDIPRLWaWVjPM3sWkU+d4kKmLzM3qRVjTUFaDSiZlWK4uSOHTAzRQi\nZnoFkblK8lXTlHYFxzrBgovt/gpPk07EjxZqd32wD9MyQWqQLyftMHAmm6gxo2LE\nWF6G5hirC51xk1theV4TKSnoMAHeFe6x7QgHuSK1HOd+KqB/JFaT/fqFZnKGfhmh\nN8FzfalZP9/W1TJA+z5N7skCAwEAAQ==\n-----END PUBLIC KEY-----\n",
            "rsa_bits": 4096
          },
          "sensitive_attributes": []
        }
      ]
    },
    {
      "module": "module.mlflow",
      "mode": "data",
      "type": "aws_ami",
      "name": "ubuntu",
      "provider": "provider[\"registry.terraform.io/hashicorp/aws\"]",
      "instances": [
        {
          "schema_version": 0,
          "attributes": {
            "architecture": "x86_64",
            "arn": "arn:aws:ec2:us-east-2::image/ami-04a131f50a7b86648",
            "block_device_mappings": [
              {
                "device_name": "/dev/sda1",
                "ebs": {
                  "delete_on_termination": "true",
                  "encrypted": "false",
                  "iops": "0",
                  "snapshot_id": "snap-0eb5cb725aee8783d",
                  "throughput": "0",
                  "volume_initialization_rate": "0",
                  "volume_size": "8",
                  "volume_type": "gp2"
                },
                "no_device": "",
                "virtual_name": ""
              },
              {
                "device_name": "/dev/sdb",
                "ebs": {},
                "no_device": "",
                "virtual_name": "ephemeral0"
              },
              {
                "device_name": "/dev/sdc",
                "ebs": {},
                "no_device": "",
                "virtual_name": "ephemeral1"
              }
            ],
            "boot_mode": "uefi-preferred",
            "creation_date": "2026-02-18T06:50:26.000Z",
            "deprecation_time": "2028-02-18T06:50:26.000Z",
            "description": "Canonical, Ubuntu, 22.04, amd64 jammy image",
            "ena_support": true,
            "executable_users": null,
            "filter": [
              {
                "name": "name",
                "values": [
                  "ubuntu/images/hvm-ssd/ubuntu-jammy-22.04-amd64-server-*"
                ]
              }
            ],
            "hypervisor": "xen",
            "id": "ami-04a131f50a7b86648",
            "image_id": "ami-04a131f50a7b86648",
            "image_location": "amazon/ubuntu/images/hvm-ssd/ubuntu-jammy-22.04-amd64-server-20260218",
            "image_owner_alias": "amazon",
            "image_type": "machine",
            "imds_support": "",
            "include_deprecated": false,
            "kernel_id": "",
            "last_launched_time": "",
            "most_recent": true,
            "name": "ubuntu/images/hvm-ssd/ubuntu-jammy-22.04-amd64-server-20260218",
            "name_regex": null,
            "owner_id": "099720109477",
            "owners": [
              "099720109477"
            ],
            "platform": "",
            "platform_details": "Linux/UNIX",
            "product_codes": [],
            "public": true,
            "ramdisk_id": "",
            "root_device_name": "/dev/sda1",
            "root_device_type": "ebs",
            "root_snapshot_id": "snap-0eb5cb725aee8783d",
            "sriov_net_support": "simple",
            "state": "available",
            "state_reason": {
              "code": "UNSET",
              "message": "UNSET"
            },
            "tags": {},
            "timeouts": null,
            "tpm_support": "",
            "uefi_data": null,
            "usage_operation": "RunInstances",
            "virtualization_type": "hvm"
          },
          "sensitive_attributes": []
        }
      ]
    },
    {
      "module": "module.mlflow",
      "mode": "managed",
      "type": "aws_iam_instance_profile",
      "name": "mlflow",
      "provider": "provider[\"registry.terraform.io/hashicorp/aws\"]",
      "instances": [
        {
          "schema_version": 0,
          "attributes": {
            "arn": "arn:aws:iam::824033490704:instance-profile/mlops-mlflow-profile",
            "create_date": "2026-03-17T13:10:40Z",
            "id": "mlops-mlflow-profile",
            "name": "mlops-mlflow-profile",
            "name_prefix": "",
            "path": "/",
            "role": "mlops-mlflow-role",
            "tags": {},
            "tags_all": {
              "Environment": "prod",
              "ManagedBy": "Terraform",
              "Owner": "mlops-team",
              "Project": "MLOps-Production"
            },
            "unique_id": "AIPA37XBZG4IE2KJMFBIX"
          },
          "sensitive_attributes": [],
          "private": "bnVsbA==",
          "dependencies": [
            "module.mlflow.aws_iam_role.mlflow"
          ]
        }
      ]
    },
    {
      "module": "module.mlflow",
      "mode": "managed",
      "type": "aws_iam_role",
      "name": "mlflow",
      "provider": "provider[\"registry.terraform.io/hashicorp/aws\"]",
      "instances": [
        {
          "schema_version": 0,
          "attributes": {
            "arn": "arn:aws:iam::824033490704:role/mlops-mlflow-role",
            "assume_role_policy": "{\"Statement\":[{\"Action\":\"sts:AssumeRole\",\"Effect\":\"Allow\",\"Principal\":{\"Service\":\"ec2.amazonaws.com\"}}],\"Version\":\"2012-10-17\"}",
            "create_date": "2026-03-17T13:10:39Z",
            "description": "",
            "force_detach_policies": false,
            "id": "mlops-mlflow-role",
            "inline_policy": [],
            "managed_policy_arns": [
              "arn:aws:iam::aws:policy/AmazonS3FullAccess"
            ],
            "max_session_duration": 3600,
            "name": "mlops-mlflow-role",
            "name_prefix": "",
            "path": "/",
            "permissions_boundary": "",
            "tags": {},
            "tags_all": {
              "Environment": "prod",
              "ManagedBy": "Terraform",
              "Owner": "mlops-team",
              "Project": "MLOps-Production"
            },
            "unique_id": "AROA37XBZG4IG7J3SD2LP"
          },
          "sensitive_attributes": [],
          "private": "bnVsbA=="
        }
      ]
    },
    {
      "module": "module.mlflow",
      "mode": "managed",
      "type": "aws_iam_role_policy_attachment",
      "name": "mlflow_s3",
      "provider": "provider[\"registry.terraform.io/hashicorp/aws\"]",
      "instances": [
        {
          "schema_version": 0,
          "attributes": {
            "id": "mlops-mlflow-role-20260317131040917600000008",
            "policy_arn": "arn:aws:iam::aws:policy/AmazonS3FullAccess",
            "role": "mlops-mlflow-role"
          },
          "sensitive_attributes": [],
          "private": "bnVsbA==",
          "dependencies": [
            "module.mlflow.aws_iam_role.mlflow"
          ]
        }
      ]
    },
    {
      "module": "module.mlflow",
      "mode": "managed",
      "type": "aws_instance",
      "name": "mlflow",
      "provider": "provider[\"registry.terraform.io/hashicorp/aws\"]",
      "instances": []
    },
    {
      "module": "module.mlflow",
      "mode": "managed",
      "type": "aws_security_group",
      "name": "mlflow",
      "provider": "provider[\"registry.terraform.io/hashicorp/aws\"]",
      "instances": [
        {
          "schema_version": 1,
          "attributes": {
            "arn": "arn:aws:ec2:us-east-2:824033490704:security-group/sg-0364cac8930c66197",
            "description": "Managed by Terraform",
            "egress": [
              {
                "cidr_blocks": [
                  "0.0.0.0/0"
                ],
                "description": "",
                "from_port": 0,
                "ipv6_cidr_blocks": [],
                "prefix_list_ids": [],
                "protocol": "-1",
                "security_groups": [],
                "self": false,
                "to_port": 0
              }
            ],
            "id": "sg-0364cac8930c66197",
            "ingress": [
              {
                "cidr_blocks": [
                  "0.0.0.0/0"
                ],
                "description": "MLflow UI",
                "from_port": 5000,
                "ipv6_cidr_blocks": [],
                "prefix_list_ids": [],
                "protocol": "tcp",
                "security_groups": [],
                "self": false,
                "to_port": 5000
              },
              {
                "cidr_blocks": [
                  "0.0.0.0/0"
                ],
                "description": "SSH",
                "from_port": 22,
                "ipv6_cidr_blocks": [],
                "prefix_list_ids": [],
                "protocol": "tcp",
                "security_groups": [],
                "self": false,
                "to_port": 22
              }
            ],
            "name": "mlops-mlflow-sg",
            "name_prefix": "",
            "owner_id": "824033490704",
            "revoke_rules_on_delete": false,
            "tags": {
              "Name": "mlops-mlflow-sg"
            },
            "tags_all": {
              "Environment": "prod",
              "ManagedBy": "Terraform",
              "Name": "mlops-mlflow-sg",
              "Owner": "mlops-team",
              "Project": "MLOps-Production"
            },
            "timeouts": null,
            "vpc_id": "vpc-045c88da3a33c68da"
          },
          "sensitive_attributes": [],
          "private": "eyJlMmJmYjczMC1lY2FhLTExZTYtOGY4OC0zNDM2M2JjN2M0YzAiOnsiY3JlYXRlIjo2MDAwMDAwMDAwMDAsImRlbGV0ZSI6OTAwMDAwMDAwMDAwfSwic2NoZW1hX3ZlcnNpb24iOiIxIn0=",
          "dependencies": [
            "module.vpc.aws_vpc.main"
          ]
        }
      ]
    },
    {
      "module": "module.s3",
      "mode": "managed",
      "type": "aws_s3_bucket_lifecycle_configuration",
      "name": "artifacts",
      "provider": "provider[\"registry.terraform.io/hashicorp/aws\"]",
      "instances": []
    },
    {
      "module": "module.s3",
      "mode": "managed",
      "type": "aws_s3_bucket_versioning",
      "name": "artifacts",
      "provider": "provider[\"registry.terraform.io/hashicorp/aws\"]",
      "instances": []
    },
    {
      "module": "module.vpc",
      "mode": "data",
      "type": "aws_availability_zones",
      "name": "available",
      "provider": "provider[\"registry.terraform.io/hashicorp/aws\"]",
      "instances": [
        {
          "schema_version": 0,
          "attributes": {
            "all_availability_zones": null,
            "exclude_names": null,
            "exclude_zone_ids": null,
            "filter": null,
            "group_names": [
              "us-east-2-zg-1"
            ],
            "id": "us-east-2",
            "names": [
              "us-east-2a",
              "us-east-2b",
              "us-east-2c"
            ],
            "state": null,
            "timeouts": null,
            "zone_ids": [
              "use2-az1",
              "use2-az2",
              "use2-az3"
            ]
          },
          "sensitive_attributes": []
        }
      ]
    },
    {
      "module": "module.vpc",
      "mode": "managed",
      "type": "aws_internet_gateway",
      "name": "main",
      "provider": "provider[\"registry.terraform.io/hashicorp/aws\"]",
      "instances": [
        {
          "schema_version": 0,
          "attributes": {
            "arn": "arn:aws:ec2:us-east-2:824033490704:internet-gateway/igw-054c7647501db7a6a",
            "id": "igw-054c7647501db7a6a",
            "owner_id": "824033490704",
            "tags": {
              "Name": "mlops-igw"
            },
            "tags_all": {
              "Environment": "prod",
              "ManagedBy": "Terraform",
              "Name": "mlops-igw",
              "Owner": "mlops-team",
              "Project": "MLOps-Production"
            },
            "timeouts": null,
            "vpc_id": "vpc-045c88da3a33c68da"
          },
          "sensitive_attributes": [],
          "private": "eyJlMmJmYjczMC1lY2FhLTExZTYtOGY4OC0zNDM2M2JjN2M0YzAiOnsiY3JlYXRlIjoxMjAwMDAwMDAwMDAwLCJkZWxldGUiOjEyMDAwMDAwMDAwMDAsInVwZGF0ZSI6MTIwMDAwMDAwMDAwMH19",
          "dependencies": [
            "module.vpc.aws_vpc.main"
          ]
        }
      ]
    },
    {
      "module": "module.vpc",
      "mode": "managed",
      "type": "aws_route_table",
      "name": "public",
      "provider": "provider[\"registry.terraform.io/hashicorp/aws\"]",
      "instances": [
        {
          "schema_version": 0,
          "attributes": {
            "arn": "arn:aws:ec2:us-east-2:824033490704:route-table/rtb-09f543dcfbc8fb363",
            "id": "rtb-09f543dcfbc8fb363",
            "owner_id": "824033490704",
            "propagating_vgws": [],
            "route": [
              {
                "carrier_gateway_id": "",
                "cidr_block": "0.0.0.0/0",
                "core_network_arn": "",
                "destination_prefix_list_id": "",
                "egress_only_gateway_id": "",
                "gateway_id": "igw-054c7647501db7a6a",
                "ipv6_cidr_block": "",
                "local_gateway_id": "",
                "nat_gateway_id": "",
                "network_interface_id": "",
                "transit_gateway_id": "",
                "vpc_endpoint_id": "",
                "vpc_peering_connection_id": ""
              }
            ],
            "tags": {
              "Name": "mlops-public-rt"
            },
            "tags_all": {
              "Environment": "prod",
              "ManagedBy": "Terraform",
              "Name": "mlops-public-rt",
              "Owner": "mlops-team",
              "Project": "MLOps-Production"
            },
            "timeouts": null,
            "vpc_id": "vpc-045c88da3a33c68da"
          },
          "sensitive_attributes": [],
          "private": "eyJlMmJmYjczMC1lY2FhLTExZTYtOGY4OC0zNDM2M2JjN2M0YzAiOnsiY3JlYXRlIjozMDAwMDAwMDAwMDAsImRlbGV0ZSI6MzAwMDAwMDAwMDAwLCJ1cGRhdGUiOjEyMDAwMDAwMDAwMH19",
          "dependencies": [
            "module.vpc.aws_internet_gateway.main",
            "module.vpc.aws_vpc.main"
          ]
        }
      ]
    },
    {
      "module": "module.vpc",
      "mode": "managed",
      "type": "aws_route_table_association",
      "name": "public",
      "provider": "provider[\"registry.terraform.io/hashicorp/aws\"]",
      "instances": [
        {
          "index_key": 0,
          "schema_version": 0,
          "attributes": {
            "gateway_id": "",
            "id": "rtbassoc-097546c5cbf4c65dc",
            "route_table_id": "rtb-09f543dcfbc8fb363",
            "subnet_id": "subnet-0f918a9a048e6ff3b",
            "timeouts": null
          },
          "sensitive_attributes": [],
          "private": "eyJlMmJmYjczMC1lY2FhLTExZTYtOGY4OC0zNDM2M2JjN2M0YzAiOnsiY3JlYXRlIjozMDAwMDAwMDAwMDAsImRlbGV0ZSI6MzAwMDAwMDAwMDAwLCJ1cGRhdGUiOjEyMDAwMDAwMDAwMH19",
          "dependencies": [
            "module.vpc.aws_internet_gateway.main",
            "module.vpc.aws_route_table.public",
            "module.vpc.aws_subnet.public",
            "module.vpc.aws_vpc.main",
            "module.vpc.data.aws_availability_zones.available"
          ]
        },
        {
          "index_key": 1,
          "schema_version": 0,
          "attributes": {
            "gateway_id": "",
            "id": "rtbassoc-05ed8aedc86d97170",
            "route_table_id": "rtb-09f543dcfbc8fb363",
            "subnet_id": "subnet-0f8ec73fbabc49a5d",
            "timeouts": null
          },
          "sensitive_attributes": [],
          "private": "eyJlMmJmYjczMC1lY2FhLTExZTYtOGY4OC0zNDM2M2JjN2M0YzAiOnsiY3JlYXRlIjozMDAwMDAwMDAwMDAsImRlbGV0ZSI6MzAwMDAwMDAwMDAwLCJ1cGRhdGUiOjEyMDAwMDAwMDAwMH19",
          "dependencies": [
            "module.vpc.aws_internet_gateway.main",
            "module.vpc.aws_route_table.public",
            "module.vpc.aws_subnet.public",
            "module.vpc.aws_vpc.main",
            "module.vpc.data.aws_availability_zones.available"
          ]
        }
      ]
    },
    {
      "module": "module.vpc",
      "mode": "managed",
      "type": "aws_subnet",
      "name": "public",
      "provider": "provider[\"registry.terraform.io/hashicorp/aws\"]",
      "instances": [
        {
          "index_key": 0,
          "schema_version": 1,
          "attributes": {
            "arn": "arn:aws:ec2:us-east-2:824033490704:subnet/subnet-0f918a9a048e6ff3b",
            "assign_ipv6_address_on_creation": false,
            "availability_zone": "us-east-2a",
            "availability_zone_id": "use2-az1",
            "cidr_block": "10.0.0.0/24",
            "customer_owned_ipv4_pool": "",
            "enable_dns64": false,
            "enable_lni_at_device_index": 0,
            "enable_resource_name_dns_a_record_on_launch": false,
            "enable_resource_name_dns_aaaa_record_on_launch": false,
            "id": "subnet-0f918a9a048e6ff3b",
            "ipv6_cidr_block": "",
            "ipv6_cidr_block_association_id": "",
            "ipv6_native": false,
            "map_customer_owned_ip_on_launch": false,
            "map_public_ip_on_launch": true,
            "outpost_arn": "",
            "owner_id": "824033490704",
            "private_dns_hostname_type_on_launch": "ip-name",
            "tags": {
              "Name": "mlops-public-1",
              "kubernetes.io/cluster/mlops-cluster": "shared",
              "kubernetes.io/role/elb": "1"
            },
            "tags_all": {
              "Environment": "prod",
              "ManagedBy": "Terraform",
              "Name": "mlops-public-1",
              "Owner": "mlops-team",
              "Project": "MLOps-Production",
              "kubernetes.io/cluster/mlops-cluster": "shared",
              "kubernetes.io/role/elb": "1"
            },
            "timeouts": null,
            "vpc_id": "vpc-045c88da3a33c68da"
          },
          "sensitive_attributes": [],
          "private": "eyJlMmJmYjczMC1lY2FhLTExZTYtOGY4OC0zNDM2M2JjN2M0YzAiOnsiY3JlYXRlIjo2MDAwMDAwMDAwMDAsImRlbGV0ZSI6MTIwMDAwMDAwMDAwMH0sInNjaGVtYV92ZXJzaW9uIjoiMSJ9",
          "dependencies": [
            "module.vpc.aws_vpc.main",
            "module.vpc.data.aws_availability_zones.available"
          ]
        },
        {
          "index_key": 1,
          "schema_version": 1,
          "attributes": {
            "arn": "arn:aws:ec2:us-east-2:824033490704:subnet/subnet-0f8ec73fbabc49a5d",
            "assign_ipv6_address_on_creation": false,
            "availability_zone": "us-east-2b",
            "availability_zone_id": "use2-az2",
            "cidr_block": "10.0.1.0/24",
            "customer_owned_ipv4_pool": "",
            "enable_dns64": false,
            "enable_lni_at_device_index": 0,
            "enable_resource_name_dns_a_record_on_launch": false,
            "enable_resource_name_dns_aaaa_record_on_launch": false,
            "id": "subnet-0f8ec73fbabc49a5d",
            "ipv6_cidr_block": "",
            "ipv6_cidr_block_association_id": "",
            "ipv6_native": false,
            "map_customer_owned_ip_on_launch": false,
            "map_public_ip_on_launch": true,
            "outpost_arn": "",
            "owner_id": "824033490704",
            "private_dns_hostname_type_on_launch": "ip-name",
            "tags": {
              "Name": "mlops-public-2",
              "kubernetes.io/cluster/mlops-cluster": "shared",
              "kubernetes.io/role/elb": "1"
            },
            "tags_all": {
              "Environment": "prod",
              "ManagedBy": "Terraform",
              "Name": "mlops-public-2",
              "Owner": "mlops-team",
              "Project": "MLOps-Production",
              "kubernetes.io/cluster/mlops-cluster": "shared",
              "kubernetes.io/role/elb": "1"
            },
            "timeouts": null,
            "vpc_id": "vpc-045c88da3a33c68da"
          },
          "sensitive_attributes": [],
          "private": "eyJlMmJmYjczMC1lY2FhLTExZTYtOGY4OC0zNDM2M2JjN2M0YzAiOnsiY3JlYXRlIjo2MDAwMDAwMDAwMDAsImRlbGV0ZSI6MTIwMDAwMDAwMDAwMH0sInNjaGVtYV92ZXJzaW9uIjoiMSJ9",
          "dependencies": [
            "module.vpc.aws_vpc.main",
            "module.vpc.data.aws_availability_zones.available"
          ]
        }
      ]
    },
    {
      "module": "module.vpc",
      "mode": "managed",
      "type": "aws_vpc",
      "name": "main",
      "provider": "provider[\"registry.terraform.io/hashicorp/aws\"]",
      "instances": [
        {
          "schema_version": 1,
          "attributes": {
            "arn": "arn:aws:ec2:us-east-2:824033490704:vpc/vpc-045c88da3a33c68da",
            "assign_generated_ipv6_cidr_block": false,
            "cidr_block": "10.0.0.0/16",
            "default_network_acl_id": "acl-0d122c4d24e94a2ea",
            "default_route_table_id": "rtb-0e2eefd0ba400f9f8",
            "default_security_group_id": "sg-0801af07d00ae2b4d",
            "dhcp_options_id": "dopt-03c7a23a408cf4972",
            "enable_dns_hostnames": true,
            "enable_dns_support": true,
            "enable_network_address_usage_metrics": false,
            "id": "vpc-045c88da3a33c68da",
            "instance_tenancy": "default",
            "ipv4_ipam_pool_id": null,
            "ipv4_netmask_length": null,
            "ipv6_association_id": "",
            "ipv6_cidr_block": "",
            "ipv6_cidr_block_network_border_group": "",
            "ipv6_ipam_pool_id": "",
            "ipv6_netmask_length": 0,
            "main_route_table_id": "rtb-0e2eefd0ba400f9f8",
            "owner_id": "824033490704",
            "tags": {
              "Name": "mlops-prod-vpc"
            },
            "tags_all": {
              "Environment": "prod",
              "ManagedBy": "Terraform",
              "Name": "mlops-prod-vpc",
              "Owner": "mlops-team",
              "Project": "MLOps-Production"
            }
          },
          "sensitive_attributes": [],
          "private": "eyJzY2hlbWFfdmVyc2lvbiI6IjEifQ=="
        }
      ]
    }
  ],
  "check_results": null
}
